// !$*UTF8*$!
{
	archiveVersion = 1;
	classes = {
	};
	objectVersion = 50;
	objects = {

/* Begin PBXBuildFile section */
		3261B18B24C7DFE900A1B3BE /* AppDelegate.swift in Sources */ = {isa = PBXBuildFile; fileRef = 3261B18A24C7DFE900A1B3BE /* AppDelegate.swift */; };
		3261B18D24C7DFE900A1B3BE /* SceneDelegate.swift in Sources */ = {isa = PBXBuildFile; fileRef = 3261B18C24C7DFE900A1B3BE /* SceneDelegate.swift */; };
		3261B18F24C7DFE900A1B3BE /* ViewController.swift in Sources */ = {isa = PBXBuildFile; fileRef = 3261B18E24C7DFE900A1B3BE /* ViewController.swift */; };
		3261B19224C7DFE900A1B3BE /* Main.storyboard in Resources */ = {isa = PBXBuildFile; fileRef = 3261B19024C7DFE900A1B3BE /* Main.storyboard */; };
		3261B19424C7DFEA00A1B3BE /* Assets.xcassets in Resources */ = {isa = PBXBuildFile; fileRef = 3261B19324C7DFEA00A1B3BE /* Assets.xcassets */; };
		3261B19724C7DFEA00A1B3BE /* LaunchScreen.storyboard in Resources */ = {isa = PBXBuildFile; fileRef = 3261B19524C7DFEA00A1B3BE /* LaunchScreen.storyboard */; };
		3261B1A224C7DFEA00A1B3BE /* BruceSubAProjTests.swift in Sources */ = {isa = PBXBuildFile; fileRef = 3261B1A124C7DFEA00A1B3BE /* BruceSubAProjTests.swift */; };
		3261B1AD24C7DFEA00A1B3BE /* BruceSubAProjUITests.swift in Sources */ = {isa = PBXBuildFile; fileRef = 3261B1AC24C7DFEA00A1B3BE /* BruceSubAProjUITests.swift */; };
/* End PBXBuildFile section */

/* Begin PBXContainerItemProxy section */
		3261B19E24C7DFEA00A1B3BE /* PBXContainerItemProxy */ = {
			isa = PBXContainerItemProxy;
			containerPortal = 3261B17F24C7DFE900A1B3BE /* Project object */;
			proxyType = 1;
			remoteGlobalIDString = 3261B18624C7DFE900A1B3BE;
			remoteInfo = BruceSubAProj;
		};
		3261B1A924C7DFEA00A1B3BE /* PBXContainerItemProxy */ = {
			isa = PBXContainerItemProxy;
			containerPortal = 3261B17F24C7DFE900A1B3BE /* Project object */;
			proxyType = 1;
			remoteGlobalIDString = 3261B18624C7DFE900A1B3BE;
			remoteInfo = BruceSubAProj;
		};
/* End PBXContainerItemProxy section */

/* Begin PBXFileReference section */
		3261B18724C7DFE900A1B3BE /* BruceSubAProj.app */ = {isa = PBXFileReference; explicitFileType = wrapper.application; includeInIndex = 0; path = BruceSubAProj.app; sourceTree = BUILT_PRODUCTS_DIR; };
		3261B18A24C7DFE900A1B3BE /* AppDelegate.swift */ = {isa = PBXFileReference; lastKnownFileType = sourcecode.swift; path = AppDelegate.swift; sourceTree = "<group>"; };
		3261B18C24C7DFE900A1B3BE /* SceneDelegate.swift */ = {isa = PBXFileReference; lastKnownFileType = sourcecode.swift; path = SceneDelegate.swift; sourceTree = "<group>"; };
		3261B18E24C7DFE900A1B3BE /* ViewController.swift */ = {isa = PBXFileReference; lastKnownFileType = sourcecode.swift; path = ViewController.swift; sourceTree = "<group>"; };
		3261B19124C7DFE900A1B3BE /* Base */ = {isa = PBXFileReference; lastKnownFileType = file.storyboard; name = Base; path = Base.lproj/Main.storyboard; sourceTree = "<group>"; };
		3261B19324C7DFEA00A1B3BE /* Assets.xcassets */ = {isa = PBXFileReference; lastKnownFileType = folder.assetcatalog; path = Assets.xcassets; sourceTree = "<group>"; };
		3261B19624C7DFEA00A1B3BE /* Base */ = {isa = PBXFileReference; lastKnownFileType = file.storyboard; name = Base; path = Base.lproj/LaunchScreen.storyboard; sourceTree = "<group>"; };
		3261B19824C7DFEA00A1B3BE /* Info.plist */ = {isa = PBXFileReference; lastKnownFileType = text.plist.xml; path = Info.plist; sourceTree = "<group>"; };
		3261B19D24C7DFEA00A1B3BE /* BruceSubAProjTests.xctest */ = {isa = PBXFileReference; explicitFileType = wrapper.cfbundle; includeInIndex = 0; path = BruceSubAProjTests.xctest; sourceTree = BUILT_PRODUCTS_DIR; };
		3261B1A124C7DFEA00A1B3BE /* BruceSubAProjTests.swift */ = {isa = PBXFileReference; lastKnownFileType = sourcecode.swift; path = BruceSubAProjTests.swift; sourceTree = "<group>"; };
		3261B1A324C7DFEA00A1B3BE /* Info.plist */ = {isa = PBXFileReference; lastKnownFileType = text.plist.xml; path = Info.plist; sourceTree = "<group>"; };
		3261B1A824C7DFEA00A1B3BE /* BruceSubAProjUITests.xctest */ = {isa = PBXFileReference; explicitFileType = wrapper.cfbundle; includeInIndex = 0; path = BruceSubAProjUITests.xctest; sourceTree = BUILT_PRODUCTS_DIR; };
		3261B1AC24C7DFEA00A1B3BE /* BruceSubAProjUITests.swift */ = {isa = PBXFileReference; lastKnownFileType = sourcecode.swift; path = BruceSubAProjUITests.swift; sourceTree = "<group>"; };
		3261B1AE24C7DFEA00A1B3BE /* Info.plist */ = {isa = PBXFileReference; lastKnownFileType = text.plist.xml; path = Info.plist; sourceTree = "<group>"; };
/* End PBXFileReference section */

/* Begin PBXFrameworksBuildPhase section */
		3261B18424C7DFE900A1B3BE /* Frameworks */ = {
			isa = PBXFrameworksBuildPhase;
			buildActionMask = 2147483647;
			files = (
			);
			runOnlyForDeploymentPostprocessing = 0;
		};
		3261B19A24C7DFEA00A1B3BE /* Frameworks */ = {
			isa = PBXFrameworksBuildPhase;
			buildActionMask = 2147483647;
			files = (
			);
			runOnlyForDeploymentPostprocessing = 0;
		};
		3261B1A524C7DFEA00A1B3BE /* Frameworks */ = {
			isa = PBXFrameworksBuildPhase;
			buildActionMask = 2147483647;
			files = (
			);
			runOnlyForDeploymentPostprocessing = 0;
		};
/* End PBXFrameworksBuildPhase section */

/* Begin PBXGroup section */
		3261B17E24C7DFE900A1B3BE = {
			isa = PBXGroup;
			children = (
				3261B18924C7DFE900A1B3BE /* BruceSubAProj */,
				3261B1A024C7DFEA00A1B3BE /* BruceSubAProjTests */,
				3261B1AB24C7DFEA00A1B3BE /* BruceSubAProjUITests */,
				3261B18824C7DFE900A1B3BE /* Products */,
			);
			sourceTree = "<group>";
		};
		3261B18824C7DFE900A1B3BE /* Products */ = {
			isa = PBXGroup;
			children = (
				3261B18724C7DFE900A1B3BE /* BruceSubAProj.app */,
				3261B19D24C7DFEA00A1B3BE /* BruceSubAProjTests.xctest */,
				3261B1A824C7DFEA00A1B3BE /* BruceSubAProjUITests.xctest */,
			);
			name = Products;
			sourceTree = "<group>";
		};
		3261B18924C7DFE900A1B3BE /* BruceSubAProj */ = {
			isa = PBXGroup;
			children = (
				3261B18A24C7DFE900A1B3BE /* AppDelegate.swift */,
				3261B18C24C7DFE900A1B3BE /* SceneDelegate.swift */,
				3261B18E24C7DFE900A1B3BE /* ViewController.swift */,
				3261B19024C7DFE900A1B3BE /* Main.storyboard */,
				3261B19324C7DFEA00A1B3BE /* Assets.xcassets */,
				3261B19524C7DFEA00A1B3BE /* LaunchScreen.storyboard */,
				3261B19824C7DFEA00A1B3BE /* Info.plist */,
			);
			path = BruceSubAProj;
			sourceTree = "<group>";
		};
		3261B1A024C7DFEA00A1B3BE /* BruceSubAProjTests */ = {
			isa = PBXGroup;
			children = (
				3261B1A124C7DFEA00A1B3BE /* BruceSubAProjTests.swift */,
				3261B1A324C7DFEA00A1B3BE /* Info.plist */,
			);
			path = BruceSubAProjTests;
			sourceTree = "<group>";
		};
		3261B1AB24C7DFEA00A1B3BE /* BruceSubAProjUITests */ = {
			isa = PBXGroup;
			children = (
				3261B1AC24C7DFEA00A1B3BE /* BruceSubAProjUITests.swift */,
				3261B1AE24C7DFEA00A1B3BE /* Info.plist */,
			);
			path = BruceSubAProjUITests;
			sourceTree = "<group>";
		};
/* End PBXGroup section */

/* Begin PBXNativeTarget section */
		3261B18624C7DFE900A1B3BE /* BruceSubAProj */ = {
			isa = PBXNativeTarget;
			buildConfigurationList = 3261B1B124C7DFEA00A1B3BE /* Build configuration list for PBXNativeTarget "BruceSubAProj" */;
			buildPhases = (
				3261B18324C7DFE900A1B3BE /* Sources */,
				3261B18424C7DFE900A1B3BE /* Frameworks */,
				3261B18524C7DFE900A1B3BE /* Resources */,
			);
			buildRules = (
			);
			dependencies = (
			);
			name = BruceSubAProj;
			productName = BruceSubAProj;
			productReference = 3261B18724C7DFE900A1B3BE /* BruceSubAProj.app */;
			productType = "com.apple.product-type.application";
		};
		3261B19C24C7DFEA00A1B3BE /* BruceSubAProjTests */ = {
			isa = PBXNativeTarget;
			buildConfigurationList = 3261B1B424C7DFEA00A1B3BE /* Build configuration list for PBXNativeTarget "BruceSubAProjTests" */;
			buildPhases = (
				3261B19924C7DFEA00A1B3BE /* Sources */,
				3261B19A24C7DFEA00A1B3BE /* Frameworks */,
				3261B19B24C7DFEA00A1B3BE /* Resources */,
			);
			buildRules = (
			);
			dependencies = (
				3261B19F24C7DFEA00A1B3BE /* PBXTargetDependency */,
			);
			name = BruceSubAProjTests;
			productName = BruceSubAProjTests;
			productReference = 3261B19D24C7DFEA00A1B3BE /* BruceSubAProjTests.xctest */;
			productType = "com.apple.product-type.bundle.unit-test";
		};
		3261B1A724C7DFEA00A1B3BE /* BruceSubAProjUITests */ = {
			isa = PBXNativeTarget;
			buildConfigurationList = 3261B1B724C7DFEA00A1B3BE /* Build configuration list for PBXNativeTarget "BruceSubAProjUITests" */;
			buildPhases = (
				3261B1A424C7DFEA00A1B3BE /* Sources */,
				3261B1A524C7DFEA00A1B3BE /* Frameworks */,
				3261B1A624C7DFEA00A1B3BE /* Resources */,
			);
			buildRules = (
			);
			dependencies = (
				3261B1AA24C7DFEA00A1B3BE /* PBXTargetDependency */,
			);
			name = BruceSubAProjUITests;
			productName = BruceSubAProjUITests;
			productReference = 3261B1A824C7DFEA00A1B3BE /* BruceSubAProjUITests.xctest */;
			productType = "com.apple.product-type.bundle.ui-testing";
		};
/* End PBXNativeTarget section */

/* Begin PBXProject section */
		3261B17F24C7DFE900A1B3BE /* Project object */ = {
			isa = PBXProject;
			attributes = {
				LastSwiftUpdateCheck = 1110;
				LastUpgradeCheck = 1110;
				ORGANIZATIONNAME = "Bruce Chen";
				TargetAttributes = {
					3261B18624C7DFE900A1B3BE = {
						CreatedOnToolsVersion = 11.1;
					};
					3261B19C24C7DFEA00A1B3BE = {
						CreatedOnToolsVersion = 11.1;
						TestTargetID = 3261B18624C7DFE900A1B3BE;
					};
					3261B1A724C7DFEA00A1B3BE = {
						CreatedOnToolsVersion = 11.1;
						TestTargetID = 3261B18624C7DFE900A1B3BE;
					};
				};
			};
			buildConfigurationList = 3261B18224C7DFE900A1B3BE /* Build configuration list for PBXProject "BruceSubAProj" */;
			compatibilityVersion = "Xcode 9.3";
			developmentRegion = en;
			hasScannedForEncodings = 0;
			knownRegions = (
				en,
				Base,
			);
			mainGroup = 3261B17E24C7DFE900A1B3BE;
			productRefGroup = 3261B18824C7DFE900A1B3BE /* Products */;
			projectDirPath = "";
			projectRoot = "";
			targets = (
				3261B18624C7DFE900A1B3BE /* BruceSubAProj */,
				3261B19C24C7DFEA00A1B3BE /* BruceSubAProjTests */,
				3261B1A724C7DFEA00A1B3BE /* BruceSubAProjUITests */,
			);
		};
/* End PBXProject section */

/* Begin PBXResourcesBuildPhase section */
		3261B18524C7DFE900A1B3BE /* Resources */ = {
			isa = PBXResourcesBuildPhase;
			buildActionMask = 2147483647;
			files = (
				3261B19724C7DFEA00A1B3BE /* LaunchScreen.storyboard in Resources */,
				3261B19424C7DFEA00A1B3BE /* Assets.xcassets in Resources */,
				3261B19224C7DFE900A1B3BE /* Main.storyboard in Resources */,
			);
			runOnlyForDeploymentPostprocessing = 0;
		};
		3261B19B24C7DFEA00A1B3BE /* Resources */ = {
			isa = PBXResourcesBuildPhase;
			buildActionMask = 2147483647;
			files = (
			);
			runOnlyForDeploymentPostprocessing = 0;
		};
		3261B1A624C7DFEA00A1B3BE /* Resources */ = {
			isa = PBXResourcesBuildPhase;
			buildActionMask = 2147483647;
			files = (
			);
			runOnlyForDeploymentPostprocessing = 0;
		};
/* End PBXResourcesBuildPhase section */

/* Begin PBXSourcesBuildPhase section */
		3261B18324C7DFE900A1B3BE /* Sources */ = {
			isa = PBXSourcesBuildPhase;
			buildActionMask = 2147483647;
			files = (
				3261B18F24C7DFE900A1B3BE /* ViewController.swift in Sources */,
				3261B18B24C7DFE900A1B3BE /* AppDelegate.swift in Sources */,
				3261B18D24C7DFE900A1B3BE /* SceneDelegate.swift in Sources */,
			);
			runOnlyForDeploymentPostprocessing = 0;
		};
		3261B19924C7DFEA00A1B3BE /* Sources */ = {
			isa = PBXSourcesBuildPhase;
			buildActionMask = 2147483647;
			files = (
				3261B1A224C7DFEA00A1B3BE /* BruceSubAProjTests.swift in Sources */,
			);
			runOnlyForDeploymentPostprocessing = 0;
		};
		3261B1A424C7DFEA00A1B3BE /* Sources */ = {
			isa = PBXSourcesBuildPhase;
			buildActionMask = 2147483647;
			files = (
				3261B1AD24C7DFEA00A1B3BE /* BruceSubAProjUITests.swift in Sources */,
			);
			runOnlyForDeploymentPostprocessing = 0;
		};
/* End PBXSourcesBuildPhase section */

/* Begin PBXTargetDependency section */
		3261B19F24C7DFEA00A1B3BE /* PBXTargetDependency */ = {
			isa = PBXTargetDependency;
			target = 3261B18624C7DFE900A1B3BE /* BruceSubAProj */;
			targetProxy = 3261B19E24C7DFEA00A1B3BE /* PBXContainerItemProxy */;
		};
		3261B1AA24C7DFEA00A1B3BE /* PBXTargetDependency */ = {
			isa = PBXTargetDependency;
			target = 3261B18624C7DFE900A1B3BE /* BruceSubAProj */;
			targetProxy = 3261B1A924C7DFEA00A1B3BE /* PBXContainerItemProxy */;
		};
/* End PBXTargetDependency section */

/* Begin PBXVariantGroup section */
		3261B19024C7DFE900A1B3BE /* Main.storyboard */ = {
			isa = PBXVariantGroup;
			children = (
				3261B19124C7DFE900A1B3BE /* Base */,
			);
			name = Main.storyboard;
			sourceTree = "<group>";
		};
		3261B19524C7DFEA00A1B3BE /* LaunchScreen.storyboard */ = {
			isa = PBXVariantGroup;
			children = (
				3261B19624C7DFEA00A1B3BE /* Base */,
			);
			name = LaunchScreen.storyboard;
			sourceTree = "<group>";
		};
/* End PBXVariantGroup section */

/* Begin XCBuildConfiguration section */
		3261B1AF24C7DFEA00A1B3BE /* Debug */ = {
			isa = XCBuildConfiguration;
			buildSettings = {
				ALWAYS_SEARCH_USER_PATHS = NO;
				CLANG_ANALYZER_NONNULL = YES;
				CLANG_ANALYZER_NUMBER_OBJECT_CONVERSION = YES_AGGRESSIVE;
				CLANG_CXX_LANGUAGE_STANDARD = "gnu++14";
				CLANG_CXX_LIBRARY = "libc++";
				CLANG_ENABLE_MODULES = YES;
				CLANG_ENABLE_OBJC_ARC = YES;
				CLANG_ENABLE_OBJC_WEAK = YES;
				CLANG_WARN_BLOCK_CAPTURE_AUTORELEASING = YES;
				CLANG_WARN_BOOL_CONVERSION = YES;
				CLANG_WARN_COMMA = YES;
				CLANG_WARN_CONSTANT_CONVERSION = YES;
				CLANG_WARN_DEPRECATED_OBJC_IMPLEMENTATIONS = YES;
				CLANG_WARN_DIRECT_OBJC_ISA_USAGE = YES_ERROR;
				CLANG_WARN_DOCUMENTATION_COMMENTS = YES;
				CLANG_WARN_EMPTY_BODY = YES;
				CLANG_WARN_ENUM_CONVERSION = YES;
				CLANG_WARN_INFINITE_RECURSION = YES;
				CLANG_WARN_INT_CONVERSION = YES;
				CLANG_WARN_NON_LITERAL_NULL_CONVERSION = YES;
				CLANG_WARN_OBJC_IMPLICIT_RETAIN_SELF = YES;
				CLANG_WARN_OBJC_LITERAL_CONVERSION = YES;
				CLANG_WARN_OBJC_ROOT_CLASS = YES_ERROR;
				CLANG_WARN_RANGE_LOOP_ANALYSIS = YES;
				CLANG_WARN_STRICT_PROTOTYPES = YES;
				CLANG_WARN_SUSPICIOUS_MOVE = YES;
				CLANG_WARN_UNGUARDED_AVAILABILITY = YES_AGGRESSIVE;
				CLANG_WARN_UNREACHABLE_CODE = YES;
				CLANG_WARN__DUPLICATE_METHOD_MATCH = YES;
				COPY_PHASE_STRIP = NO;
				DEBUG_INFORMATION_FORMAT = dwarf;
				ENABLE_STRICT_OBJC_MSGSEND = YES;
				ENABLE_TESTABILITY = YES;
				GCC_C_LANGUAGE_STANDARD = gnu11;
				GCC_DYNAMIC_NO_PIC = NO;
				GCC_NO_COMMON_BLOCKS = YES;
				GCC_OPTIMIZATION_LEVEL = 0;
				GCC_PREPROCESSOR_DEFINITIONS = (
					"DEBUG=1",
					"$(inherited)",
				);
				GCC_WARN_64_TO_32_BIT_CONVERSION = YES;
				GCC_WARN_ABOUT_RETURN_TYPE = YES_ERROR;
				GCC_WARN_UNDECLARED_SELECTOR = YES;
				GCC_WARN_UNINITIALIZED_AUTOS = YES_AGGRESSIVE;
				GCC_WARN_UNUSED_FUNCTION = YES;
				GCC_WARN_UNUSED_VARIABLE = YES;
				IPHONEOS_DEPLOYMENT_TARGET = 13.1;
				MTL_ENABLE_DEBUG_INFO = INCLUDE_SOURCE;
				MTL_FAST_MATH = YES;
				ONLY_ACTIVE_ARCH = YES;
				SDKROOT = iphoneos;
				SWIFT_ACTIVE_COMPILATION_CONDITIONS = DEBUG;
				SWIFT_OPTIMIZATION_LEVEL = "-Onone";
			};
			name = Debug;
		};
		3261B1B024C7DFEA00A1B3BE /* Release */ = {
			isa = XCBuildConfiguration;
			buildSettings = {
				ALWAYS_SEARCH_USER_PATHS = NO;
				CLANG_ANALYZER_NONNULL = YES;
				CLANG_ANALYZER_NUMBER_OBJECT_CONVERSION = YES_AGGRESSIVE;
				CLANG_CXX_LANGUAGE_STANDARD = "gnu++14";
				CLANG_CXX_LIBRARY = "libc++";
				CLANG_ENABLE_MODULES = YES;
				CLANG_ENABLE_OBJC_ARC = YES;
				CLANG_ENABLE_OBJC_WEAK = YES;
				CLANG_WARN_BLOCK_CAPTURE_AUTORELEASING = YES;
				CLANG_WARN_BOOL_CONVERSION = YES;
				CLANG_WARN_COMMA = YES;
				CLANG_WARN_CONSTANT_CONVERSION = YES;
				CLANG_WARN_DEPRECATED_OBJC_IMPLEMENTATIONS = YES;
				CLANG_WARN_DIRECT_OBJC_ISA_USAGE = YES_ERROR;
				CLANG_WARN_DOCUMENTATION_COMMENTS = YES;
				CLANG_WARN_EMPTY_BODY = YES;
				CLANG_WARN_ENUM_CONVERSION = YES;
				CLANG_WARN_INFINITE_RECURSION = YES;
				CLANG_WARN_INT_CONVERSION = YES;
				CLANG_WARN_NON_LITERAL_NULL_CONVERSION = YES;
				CLANG_WARN_OBJC_IMPLICIT_RETAIN_SELF = YES;
				CLANG_WARN_OBJC_LITERAL_CONVERSION = YES;
				CLANG_WARN_OBJC_ROOT_CLASS = YES_ERROR;
				CLANG_WARN_RANGE_LOOP_ANALYSIS = YES;
				CLANG_WARN_STRICT_PROTOTYPES = YES;
				CLANG_WARN_SUSPICIOUS_MOVE = YES;
				CLANG_WARN_UNGUARDED_AVAILABILITY = YES_AGGRESSIVE;
				CLANG_WARN_UNREACHABLE_CODE = YES;
				CLANG_WARN__DUPLICATE_METHOD_MATCH = YES;
				COPY_PHASE_STRIP = NO;
				DEBUG_INFORMATION_FORMAT = "dwarf-with-dsym";
				ENABLE_NS_ASSERTIONS = NO;
				ENABLE_STRICT_OBJC_MSGSEND = YES;
				GCC_C_LANGUAGE_STANDARD = gnu11;
				GCC_NO_COMMON_BLOCKS = YES;
				GCC_WARN_64_TO_32_BIT_CONVERSION = YES;
				GCC_WARN_ABOUT_RETURN_TYPE = YES_ERROR;
				GCC_WARN_UNDECLARED_SELECTOR = YES;
				GCC_WARN_UNINITIALIZED_AUTOS = YES_AGGRESSIVE;
				GCC_WARN_UNUSED_FUNCTION = YES;
				GCC_WARN_UNUSED_VARIABLE = YES;
				IPHONEOS_DEPLOYMENT_TARGET = 13.1;
				MTL_ENABLE_DEBUG_INFO = NO;
				MTL_FAST_MATH = YES;
				SDKROOT = iphoneos;
				SWIFT_COMPILATION_MODE = wholemodule;
				SWIFT_OPTIMIZATION_LEVEL = "-O";
				VALIDATE_PRODUCT = YES;
			};
			name = Release;
		};
		3261B1B224C7DFEA00A1B3BE /* Debug */ = {
			isa = XCBuildConfiguration;
			buildSettings = {
				ASSETCATALOG_COMPILER_APPICON_NAME = AppIcon;
				CODE_SIGN_STYLE = Automatic;
				INFOPLIST_FILE = BruceSubAProj/Info.plist;
				LD_RUNPATH_SEARCH_PATHS = (
					"$(inherited)",
					"@executable_path/Frameworks",
				);
				PRODUCT_BUNDLE_IDENTIFIER = tw.com.bruce.BruceSubAProj;
				PRODUCT_NAME = "$(TARGET_NAME)";
				SWIFT_VERSION = 5.0;
				TARGETED_DEVICE_FAMILY = "1,2";
			};
			name = Debug;
		};
		3261B1B324C7DFEA00A1B3BE /* Release */ = {
			isa = XCBuildConfiguration;
			buildSettings = {
				ASSETCATALOG_COMPILER_APPICON_NAME = AppIcon;
				CODE_SIGN_STYLE = Automatic;
				INFOPLIST_FILE = BruceSubAProj/Info.plist;
				LD_RUNPATH_SEARCH_PATHS = (
					"$(inherited)",
					"@executable_path/Frameworks",
				);
				PRODUCT_BUNDLE_IDENTIFIER = tw.com.bruce.BruceSubAProj;
				PRODUCT_NAME = "$(TARGET_NAME)";
				SWIFT_VERSION = 5.0;
				TARGETED_DEVICE_FAMILY = "1,2";
			};
			name = Release;
		};
		3261B1B524C7DFEA00A1B3BE /* Debug */ = {
			isa = XCBuildConfiguration;
			buildSettings = {
				ALWAYS_EMBED_SWIFT_STANDARD_LIBRARIES = YES;
				BUNDLE_LOADER = "$(TEST_HOST)";
				CODE_SIGN_STYLE = Automatic;
				INFOPLIST_FILE = BruceSubAProjTests/Info.plist;
				IPHONEOS_DEPLOYMENT_TARGET = 13.1;
				LD_RUNPATH_SEARCH_PATHS = (
					"$(inherited)",
					"@executable_path/Frameworks",
					"@loader_path/Frameworks",
				);
				PRODUCT_BUNDLE_IDENTIFIER = tw.com.bruce.BruceSubAProjTests;
				PRODUCT_NAME = "$(TARGET_NAME)";
				SWIFT_VERSION = 5.0;
				TARGETED_DEVICE_FAMILY = "1,2";
				TEST_HOST = "$(BUILT_PRODUCTS_DIR)/BruceSubAProj.app/BruceSubAProj";
			};
			name = Debug;
		};
		3261B1B624C7DFEA00A1B3BE /* Release */ = {
			isa = XCBuildConfiguration;
			buildSettings = {
				ALWAYS_EMBED_SWIFT_STANDARD_LIBRARIES = YES;
				BUNDLE_LOADER = "$(TEST_HOST)";
				CODE_SIGN_STYLE = Automatic;
				INFOPLIST_FILE = BruceSubAProjTests/Info.plist;
				IPHONEOS_DEPLOYMENT_TARGET = 13.1;
				LD_RUNPATH_SEARCH_PATHS = (
					"$(inherited)",
					"@executable_path/Frameworks",
					"@loader_path/Frameworks",
				);
				PRODUCT_BUNDLE_IDENTIFIER = tw.com.bruce.BruceSubAProjTests;
				PRODUCT_NAME = "$(TARGET_NAME)";
				SWIFT_VERSION = 5.0;
				TARGETED_DEVICE_FAMILY = "1,2";
				TEST_HOST = "$(BUILT_PRODUCTS_DIR)/BruceSubAProj.app/BruceSubAProj";
			};
			name = Release;
		};
		3261B1B824C7DFEA00A1B3BE /* Debug */ = {
			isa = XCBuildConfiguration;
			buildSettings = {
				ALWAYS_EMBED_SWIFT_STANDARD_LIBRARIES = YES;
				CODE_SIGN_STYLE = Automatic;
				INFOPLIST_FILE = BruceSubAProjUITests/Info.plist;
				LD_RUNPATH_SEARCH_PATHS = (
					"$(inherited)",
					"@executable_path/Frameworks",
					"@loader_path/Frameworks",
				);
				PRODUCT_BUNDLE_IDENTIFIER = tw.com.bruce.BruceSubAProjUITests;
				PRODUCT_NAME = "$(TARGET_NAME)";
				SWIFT_VERSION = 5.0;
				TARGETED_DEVICE_FAMILY = "1,2";
				TEST_TARGET_NAME = BruceSubAProj;
			};
			name = Debug;
		};
		3261B1B924C7DFEA00A1B3BE /* Release */ = {
			isa = XCBuildConfiguration;
			buildSettings = {
				ALWAYS_EMBED_SWIFT_STANDARD_LIBRARIES = YES;
				CODE_SIGN_STYLE = Automatic;
				INFOPLIST_FILE = BruceSubAProjUITests/Info.plist;
				LD_RUNPATH_SEARCH_PATHS = (
					"$(inherited)",
					"@executable_path/Frameworks",
					"@loader_path/Frameworks",
				);
				PRODUCT_BUNDLE_IDENTIFIER = tw.com.bruce.BruceSubAProjUITests;
				PRODUCT_NAME = "$(TARGET_NAME)";
				SWIFT_VERSION = 5.0;
				TARGETED_DEVICE_FAMILY = "1,2";
				TEST_TARGET_NAME = BruceSubAProj;
			};
			name = Release;
		};
/* End XCBuildConfiguration section */

/* Begin XCConfigurationList section */
		3261B18224C7DFE900A1B3BE /* Build configuration list for PBXProject "BruceSubAProj" */ = {
			isa = XCConfigurationList;
			buildConfigurations = (
				3261B1AF24C7DFEA00A1B3BE /* Debug */,
				3261B1B024C7DFEA00A1B3BE /* Release */,
			);
			defaultConfigurationIsVisible = 0;
			defaultConfigurationName = Release;
		};
		3261B1B124C7DFEA00A1B3BE /* Build configuration list for PBXNativeTarget "BruceSubAProj" */ = {
			isa = XCConfigurationList;
			buildConfigurations = (
				3261B1B224C7DFEA00A1B3BE /* Debug */,
				3261B1B324C7DFEA00A1B3BE /* Release */,
			);
			defaultConfigurationIsVisible = 0;
			defaultConfigurationName = Release;
		};
		3261B1B424C7DFEA00A1B3BE /* Build configuration list for PBXNativeTarget "BruceSubAProjTests" */ = {
			isa = XCConfigurationList;
			buildConfigurations = (
				3261B1B524C7DFEA00A1B3BE /* Debug */,
				3261B1B624C7DFEA00A1B3BE /* Release */,
			);
			defaultConfigurationIsVisible = 0;
			defaultConfigurationName = Release;
		};
		3261B1B724C7DFEA00A1B3BE /* Build configuration list for PBXNativeTarget "BruceSubAProjUITests" */ = {
			isa = XCConfigurationList;
			buildConfigurations = (
				3261B1B824C7DFEA00A1B3BE /* Debug */,
				3261B1B924C7DFEA00A1B3BE /* Release */,
			);
			defaultConfigurationIsVisible = 0;
			defaultConfigurationName = Release;
		};
/* End XCConfigurationList section */
	};
	rootObject = 3261B17F24C7DFE900A1B3BE /* Project object */;
}
